
Microsoft Visual Studio Solution File, Format Version 12.00
# Visual Studio Version 17
VisualStudioVersion = 17.1.32228.430
MinimumVisualStudioVersion = 10.0.40219.1
Project("{FAE04EC0-301F-11D3-BF4B-00C04F79EFBC}") = "SolveMeFirst", "SolveMeFirst\SolveMeFirst.csproj", "{42369FC1-E311-4096-93D1-D000DC29779D}"
EndProject
Global
	GlobalSection(SolutionConfigurationPlatforms) = preSolution
		Debug|Any CPU = Debug|Any CPU
		Release|Any CPU = Release|Any CPU
	EndGlobalSection
	GlobalSection(ProjectConfigurationPlatforms) = postSolution
		{42369FC1-E311-4096-93D1-D000DC29779D}.Debug|Any CPU.ActiveCfg = Debug|Any CPU
		{42369FC1-E311-4096-93D1-D000DC29779D}.Debug|Any CPU.Build.0 = Debug|Any CPU
		{42369FC1-E311-4096-93D1-D000DC29779D}.Release|Any CPU.ActiveCfg = Release|Any CPU
		{42369FC1-E311-4096-93D1-D000DC29779D}.Release|Any CPU.Build.0 = Release|Any CPU
	EndGlobalSection
	GlobalSection(SolutionProperties) = preSolution
		HideSolutionNode = FALSE
	EndGlobalSection
	GlobalSection(ExtensibilityGlobals) = postSolution
		SolutionGuid = {EA2C59D2-8B1A-4DD7-8C4C-16339506A64E}
	EndGlobalSection
EndGlobal
