
Microsoft Visual Studio Solution File, Format Version 12.00
# Visual Studio Version 17
VisualStudioVersion = 17.1.32228.430
MinimumVisualStudioVersion = 10.0.40219.1
Project("{FAE04EC0-301F-11D3-BF4B-00C04F79EFBC}") = "DiagonalDifference", "DiagonalDifference\DiagonalDifference.csproj", "{FE1B6A41-D800-4D50-BE5B-25868FC11A27}"
EndProject
Global
	GlobalSection(SolutionConfigurationPlatforms) = preSolution
		Debug|Any CPU = Debug|Any CPU
		Release|Any CPU = Release|Any CPU
	EndGlobalSection
	GlobalSection(ProjectConfigurationPlatforms) = postSolution
		{FE1B6A41-D800-4D50-BE5B-25868FC11A27}.Debug|Any CPU.ActiveCfg = Debug|Any CPU
		{FE1B6A41-D800-4D50-BE5B-25868FC11A27}.Debug|Any CPU.Build.0 = Debug|Any CPU
		{FE1B6A41-D800-4D50-BE5B-25868FC11A27}.Release|Any CPU.ActiveCfg = Release|Any CPU
		{FE1B6A41-D800-4D50-BE5B-25868FC11A27}.Release|Any CPU.Build.0 = Release|Any CPU
	EndGlobalSection
	GlobalSection(SolutionProperties) = preSolution
		HideSolutionNode = FALSE
	EndGlobalSection
	GlobalSection(ExtensibilityGlobals) = postSolution
		SolutionGuid = {FF6353FC-EE5E-463A-8486-0ABEC729A6C1}
	EndGlobalSection
EndGlobal
